
Microsoft Visual Studio Solution File, Format Version 12.00
# Visual Studio Version 17
VisualStudioVersion = 17.10.34928.147
MinimumVisualStudioVersion = 10.0.40219.1
Project("{FAE04EC0-301F-11D3-BF4B-00C04F79EFBC}") = "Tag", "Tag\Tag.csproj", "{FD59C210-DF75-4DE0-8835-5DFCF922A206}"
EndProject
Global
	GlobalSection(SolutionConfigurationPlatforms) = preSolution
		Debug|Any CPU = Debug|Any CPU
		Release|Any CPU = Release|Any CPU
	EndGlobalSection
	GlobalSection(ProjectConfigurationPlatforms) = postSolution
		{FD59C210-DF75-4DE0-8835-5DFCF922A206}.Debug|Any CPU.ActiveCfg = Debug|Any CPU
		{FD59C210-DF75-4DE0-8835-5DFCF922A206}.Debug|Any CPU.Build.0 = Debug|Any CPU
		{FD59C210-DF75-4DE0-8835-5DFCF922A206}.Release|Any CPU.ActiveCfg = Release|Any CPU
		{FD59C210-DF75-4DE0-8835-5DFCF922A206}.Release|Any CPU.Build.0 = Release|Any CPU
	EndGlobalSection
	GlobalSection(SolutionProperties) = preSolution
		HideSolutionNode = FALSE
	EndGlobalSection
	GlobalSection(ExtensibilityGlobals) = postSolution
		SolutionGuid = {737C4FFB-8AAA-4A7E-B078-C8D03A4A01AF}
	EndGlobalSection
EndGlobal
